#include <iostream>
#include <ctime>
using namespace std;
const char N = '\n';

int main()
{
	setlocale(LC_ALL, "Rus");
	srand(time(NULL)); 

	const int STROC = 9;
	const int STOLB = 9;

	int arr[STROC][STOLB];
	for (int i = 0; i < STROC; i++)
	{
		for (int j = 0; j < STOLB;)
		{
			int newrandom = rand() % 810 + 10;
			bool a = true;

			for (int z = 0; z < STROC; z++)
			{
				for (int x = 0; x < STOLB; x++)
				{
					if (newrandom == arr[z][x])
					{
						a = false;
						break;
					}
				}
			}



			if (a)
			{
				arr[i][j] = newrandom;
				cout << arr[i][j] << " ";
				j++;
			}

		}
		cout << N;
	}
	cout << N;

	int nim = arr[0][0];
	for (int i = 0; i < STROC; i++)
	{
		for (int j = 0; j < STOLB; j++)
		{
			if (arr[i][j] < nim)
			{
				nim = arr[i][j];
			}
		}
	}
	cout << nim;

	cout << N;
	int max = arr[0][0];
	for (int i = 0; i < STROC; i++)
	{
		for (int j = 0; j < STOLB; j++)
		{
			if (arr[i][j] > max)
			{
				max = arr[i][j];
			}
		}
	}
	cout << max;
	cout << N;
	system("pause");
}
